
Microsoft Visual Studio Solution File, Format Version 12.00
# Visual Studio Version 18
VisualStudioVersion = 18.2.11415.280 d18.0
MinimumVisualStudioVersion = 10.0.40219.1
Project("{2150E333-8FDC-42A3-9474-1A3956D46DE8}") = "src", "src", "{827E0CD3-B72D-47B6-A68D-7590B98EB39B}"
EndProject
Project("{FAE04EC0-301F-11D3-BF4B-00C04F79EFBC}") = "ProductService.Abstraction", "src\ProductService.Abstraction\ProductService.Abstraction.csproj", "{B2A2A2A2-2222-2222-2222-222222222222}"
EndProject
Project("{FAE04EC0-301F-11D3-BF4B-00C04F79EFBC}") = "ProductService.Core", "src\ProductService.Core\ProductService.Core.csproj", "{B2B2B2B2-2222-2222-2222-222222222222}"
EndProject
Project("{FAE04EC0-301F-11D3-BF4B-00C04F79EFBC}") = "ProductService.API", "src\ProductService.API\ProductService.API.csproj", "{B2C2C2C2-2222-2222-2222-222222222222}"
EndProject
Project("{2150E333-8FDC-42A3-9474-1A3956D46DE8}") = "test", "test", "{0C88DD14-F956-CE84-757C-A364CCF449FC}"
EndProject
Project("{FAE04EC0-301F-11D3-BF4B-00C04F79EFBC}") = "ProductService.API.Test", "test\unit-test\ProductService.API.Test\ProductService.API.Test.csproj", "{04E38C42-6BD9-4DCD-AED6-E26FDD6B322D}"
EndProject
Project("{FAE04EC0-301F-11D3-BF4B-00C04F79EFBC}") = "ProductService.Core.Test", "test\unit-test\ProductService.Core.Test\ProductService.Core.Test.csproj", "{C049DBD5-1113-4EAA-9D6E-4C1591CB36A3}"
EndProject
Project("{FAE04EC0-301F-11D3-BF4B-00C04F79EFBC}") = "ProductService.Integration.Test", "test\integration-test\ProductService.Integration.Test\ProductService.Integration.Test.csproj", "{A5F8E4B3-60F5-4B61-8A84-6E2C57F6B8D9}"
EndProject
Global
	GlobalSection(SolutionConfigurationPlatforms) = preSolution
		Debug|Any CPU = Debug|Any CPU
		Debug|x64 = Debug|x64
		Debug|x86 = Debug|x86
		Release|Any CPU = Release|Any CPU
		Release|x64 = Release|x64
		Release|x86 = Release|x86
	EndGlobalSection
	GlobalSection(ProjectConfigurationPlatforms) = postSolution
		{B2A2A2A2-2222-2222-2222-222222222222}.Debug|Any CPU.ActiveCfg = Debug|Any CPU
		{B2A2A2A2-2222-2222-2222-222222222222}.Debug|Any CPU.Build.0 = Debug|Any CPU
		{B2A2A2A2-2222-2222-2222-222222222222}.Debug|x64.ActiveCfg = Debug|Any CPU
		{B2A2A2A2-2222-2222-2222-222222222222}.Debug|x64.Build.0 = Debug|Any CPU
		{B2A2A2A2-2222-2222-2222-222222222222}.Debug|x86.ActiveCfg = Debug|Any CPU
		{B2A2A2A2-2222-2222-2222-222222222222}.Debug|x86.Build.0 = Debug|Any CPU
		{B2A2A2A2-2222-2222-2222-222222222222}.Release|Any CPU.ActiveCfg = Release|Any CPU
		{B2A2A2A2-2222-2222-2222-222222222222}.Release|Any CPU.Build.0 = Release|Any CPU
		{B2A2A2A2-2222-2222-2222-222222222222}.Release|x64.ActiveCfg = Release|Any CPU
		{B2A2A2A2-2222-2222-2222-222222222222}.Release|x64.Build.0 = Release|Any CPU
		{B2A2A2A2-2222-2222-2222-222222222222}.Release|x86.ActiveCfg = Release|Any CPU
		{B2A2A2A2-2222-2222-2222-222222222222}.Release|x86.Build.0 = Release|Any CPU
		{B2B2B2B2-2222-2222-2222-222222222222}.Debug|Any CPU.ActiveCfg = Debug|Any CPU
		{B2B2B2B2-2222-2222-2222-222222222222}.Debug|Any CPU.Build.0 = Debug|Any CPU
		{B2B2B2B2-2222-2222-2222-222222222222}.Debug|x64.ActiveCfg = Debug|Any CPU
		{B2B2B2B2-2222-2222-2222-222222222222}.Debug|x64.Build.0 = Debug|Any CPU
		{B2B2B2B2-2222-2222-2222-222222222222}.Debug|x86.ActiveCfg = Debug|Any CPU
		{B2B2B2B2-2222-2222-2222-222222222222}.Debug|x86.Build.0 = Debug|Any CPU
		{B2B2B2B2-2222-2222-2222-222222222222}.Release|Any CPU.ActiveCfg = Release|Any CPU
		{B2B2B2B2-2222-2222-2222-222222222222}.Release|Any CPU.Build.0 = Release|Any CPU
		{B2B2B2B2-2222-2222-2222-222222222222}.Release|x64.ActiveCfg = Release|Any CPU
		{B2B2B2B2-2222-2222-2222-222222222222}.Release|x64.Build.0 = Release|Any CPU
		{B2B2B2B2-2222-2222-2222-222222222222}.Release|x86.ActiveCfg = Release|Any CPU
		{B2B2B2B2-2222-2222-2222-222222222222}.Release|x86.Build.0 = Release|Any CPU
		{B2C2C2C2-2222-2222-2222-222222222222}.Debug|Any CPU.ActiveCfg = Debug|Any CPU
		{B2C2C2C2-2222-2222-2222-222222222222}.Debug|Any CPU.Build.0 = Debug|Any CPU
		{B2C2C2C2-2222-2222-2222-222222222222}.Debug|x64.ActiveCfg = Debug|Any CPU
		{B2C2C2C2-2222-2222-2222-222222222222}.Debug|x64.Build.0 = Debug|Any CPU
		{B2C2C2C2-2222-2222-2222-222222222222}.Debug|x86.ActiveCfg = Debug|Any CPU
		{B2C2C2C2-2222-2222-2222-222222222222}.Debug|x86.Build.0 = Debug|Any CPU
		{B2C2C2C2-2222-2222-2222-222222222222}.Release|Any CPU.ActiveCfg = Release|Any CPU
		{B2C2C2C2-2222-2222-2222-222222222222}.Release|Any CPU.Build.0 = Release|Any CPU
		{B2C2C2C2-2222-2222-2222-222222222222}.Release|x64.ActiveCfg = Release|Any CPU
		{B2C2C2C2-2222-2222-2222-222222222222}.Release|x64.Build.0 = Release|Any CPU
		{B2C2C2C2-2222-2222-2222-222222222222}.Release|x86.ActiveCfg = Release|Any CPU
		{B2C2C2C2-2222-2222-2222-222222222222}.Release|x86.Build.0 = Release|Any CPU
		{04E38C42-6BD9-4DCD-AED6-E26FDD6B322D}.Debug|Any CPU.ActiveCfg = Debug|Any CPU
		{04E38C42-6BD9-4DCD-AED6-E26FDD6B322D}.Debug|Any CPU.Build.0 = Debug|Any CPU
		{04E38C42-6BD9-4DCD-AED6-E26FDD6B322D}.Debug|x64.ActiveCfg = Debug|Any CPU
		{04E38C42-6BD9-4DCD-AED6-E26FDD6B322D}.Debug|x64.Build.0 = Debug|Any CPU
		{04E38C42-6BD9-4DCD-AED6-E26FDD6B322D}.Debug|x86.ActiveCfg = Debug|Any CPU
		{04E38C42-6BD9-4DCD-AED6-E26FDD6B322D}.Debug|x86.Build.0 = Debug|Any CPU
		{04E38C42-6BD9-4DCD-AED6-E26FDD6B322D}.Release|Any CPU.ActiveCfg = Release|Any CPU
		{04E38C42-6BD9-4DCD-AED6-E26FDD6B322D}.Release|Any CPU.Build.0 = Release|Any CPU
		{04E38C42-6BD9-4DCD-AED6-E26FDD6B322D}.Release|x64.ActiveCfg = Release|Any CPU
		{04E38C42-6BD9-4DCD-AED6-E26FDD6B322D}.Release|x64.Build.0 = Release|Any CPU
		{04E38C42-6BD9-4DCD-AED6-E26FDD6B322D}.Release|x86.ActiveCfg = Release|Any CPU
		{04E38C42-6BD9-4DCD-AED6-E26FDD6B322D}.Release|x86.Build.0 = Release|Any CPU
		{C049DBD5-1113-4EAA-9D6E-4C1591CB36A3}.Debug|Any CPU.ActiveCfg = Debug|Any CPU
		{C049DBD5-1113-4EAA-9D6E-4C1591CB36A3}.Debug|Any CPU.Build.0 = Debug|Any CPU
		{C049DBD5-1113-4EAA-9D6E-4C1591CB36A3}.Debug|x64.ActiveCfg = Debug|Any CPU
		{C049DBD5-1113-4EAA-9D6E-4C1591CB36A3}.Debug|x64.Build.0 = Debug|Any CPU
		{C049DBD5-1113-4EAA-9D6E-4C1591CB36A3}.Debug|x86.ActiveCfg = Debug|Any CPU
		{C049DBD5-1113-4EAA-9D6E-4C1591CB36A3}.Debug|x86.Build.0 = Debug|Any CPU
		{C049DBD5-1113-4EAA-9D6E-4C1591CB36A3}.Release|Any CPU.ActiveCfg = Release|Any CPU
		{C049DBD5-1113-4EAA-9D6E-4C1591CB36A3}.Release|Any CPU.Build.0 = Release|Any CPU
		{C049DBD5-1113-4EAA-9D6E-4C1591CB36A3}.Release|x64.ActiveCfg = Release|Any CPU
		{C049DBD5-1113-4EAA-9D6E-4C1591CB36A3}.Release|x64.Build.0 = Release|Any CPU
		{C049DBD5-1113-4EAA-9D6E-4C1591CB36A3}.Release|x86.ActiveCfg = Release|Any CPU
		{C049DBD5-1113-4EAA-9D6E-4C1591CB36A3}.Release|x86.Build.0 = Release|Any CPU
		{A5F8E4B3-60F5-4B61-8A84-6E2C57F6B8D9}.Debug|Any CPU.ActiveCfg = Debug|Any CPU
		{A5F8E4B3-60F5-4B61-8A84-6E2C57F6B8D9}.Debug|Any CPU.Build.0 = Debug|Any CPU
		{A5F8E4B3-60F5-4B61-8A84-6E2C57F6B8D9}.Debug|x64.ActiveCfg = Debug|Any CPU
		{A5F8E4B3-60F5-4B61-8A84-6E2C57F6B8D9}.Debug|x64.Build.0 = Debug|Any CPU
		{A5F8E4B3-60F5-4B61-8A84-6E2C57F6B8D9}.Debug|x86.ActiveCfg = Debug|Any CPU
		{A5F8E4B3-60F5-4B61-8A84-6E2C57F6B8D9}.Debug|x86.Build.0 = Debug|Any CPU
		{A5F8E4B3-60F5-4B61-8A84-6E2C57F6B8D9}.Release|Any CPU.ActiveCfg = Release|Any CPU
		{A5F8E4B3-60F5-4B61-8A84-6E2C57F6B8D9}.Release|Any CPU.Build.0 = Release|Any CPU
		{A5F8E4B3-60F5-4B61-8A84-6E2C57F6B8D9}.Release|x64.ActiveCfg = Release|Any CPU
		{A5F8E4B3-60F5-4B61-8A84-6E2C57F6B8D9}.Release|x64.Build.0 = Release|Any CPU
		{A5F8E4B3-60F5-4B61-8A84-6E2C57F6B8D9}.Release|x86.ActiveCfg = Release|Any CPU
		{A5F8E4B3-60F5-4B61-8A84-6E2C57F6B8D9}.Release|x86.Build.0 = Release|Any CPU
	EndGlobalSection
	GlobalSection(SolutionProperties) = preSolution
		HideSolutionNode = FALSE
	EndGlobalSection
	GlobalSection(NestedProjects) = preSolution
		{B2A2A2A2-2222-2222-2222-222222222222} = {827E0CD3-B72D-47B6-A68D-7590B98EB39B}
		{B2B2B2B2-2222-2222-2222-222222222222} = {827E0CD3-B72D-47B6-A68D-7590B98EB39B}
		{B2C2C2C2-2222-2222-2222-222222222222} = {827E0CD3-B72D-47B6-A68D-7590B98EB39B}
		{04E38C42-6BD9-4DCD-AED6-E26FDD6B322D} = {0C88DD14-F956-CE84-757C-A364CCF449FC}
		{C049DBD5-1113-4EAA-9D6E-4C1591CB36A3} = {0C88DD14-F956-CE84-757C-A364CCF449FC}
	EndGlobalSection
	GlobalSection(ExtensibilityGlobals) = postSolution
		SolutionGuid = {E1FC0665-BB35-43D6-952C-B955CE3EFD7F}
	EndGlobalSection
EndGlobal
