
Microsoft Visual Studio Solution File, Format Version 12.00
# Visual Studio Version 18
VisualStudioVersion = 18.2.11415.280 d18.0
MinimumVisualStudioVersion = 10.0.40219.1
Project("{2150E333-8FDC-42A3-9474-1A3956D46DE8}") = "src", "src", "{827E0CD3-B72D-47B6-A68D-7590B98EB39B}"
EndProject
Project("{FAE04EC0-301F-11D3-BF4B-00C04F79EFBC}") = "OrderService.Abstraction", "src\OrderService.Abstraction\OrderService.Abstraction.csproj", "{D4A4A4A4-4444-4444-4444-444444444444}"
EndProject
Project("{FAE04EC0-301F-11D3-BF4B-00C04F79EFBC}") = "OrderService.Core", "src\OrderService.Core\OrderService.Core.csproj", "{D4B4B4B4-4444-4444-4444-444444444444}"
EndProject
Project("{FAE04EC0-301F-11D3-BF4B-00C04F79EFBC}") = "OrderService.API", "src\OrderService.API\OrderService.API.csproj", "{D4C4C4C4-4444-4444-4444-444444444444}"
EndProject
Project("{2150E333-8FDC-42A3-9474-1A3956D46DE8}") = "tests", "tests", "{02EA681E-C7D8-13C7-8484-4AC65E1B71E8}"
EndProject
Project("{FAE04EC0-301F-11D3-BF4B-00C04F79EFBC}") = "OrderService.API.Test", "test\unit-test\OrderService.API.Test\OrderService.API.Test.csproj", "{123C4960-E479-3633-4B39-C5D2753721C8}"
EndProject
Project("{FAE04EC0-301F-11D3-BF4B-00C04F79EFBC}") = "OrderService.Core.Test", "test\unit-test\OrderService.Core.Test\OrderService.Core.Test.csproj", "{B334944D-5765-9F58-3D46-091D3673B5F1}"
EndProject
Project("{FAE04EC0-301F-11D3-BF4B-00C04F79EFBC}") = "OrderService.Integration.Test", "test\integration-test\OrderService.Integration.Test\OrderService.Integration.Test.csproj", "{3A3A3A3A-4444-4444-4444-444444444444}"
EndProject
Global
	GlobalSection(SolutionConfigurationPlatforms) = preSolution
		Debug|Any CPU = Debug|Any CPU
		Debug|x64 = Debug|x64
		Debug|x86 = Debug|x86
		Release|Any CPU = Release|Any CPU
		Release|x64 = Release|x64
		Release|x86 = Release|x86
	EndGlobalSection
	GlobalSection(ProjectConfigurationPlatforms) = postSolution
		{D4A4A4A4-4444-4444-4444-444444444444}.Debug|Any CPU.ActiveCfg = Debug|Any CPU
		{D4A4A4A4-4444-4444-4444-444444444444}.Debug|Any CPU.Build.0 = Debug|Any CPU
		{D4A4A4A4-4444-4444-4444-444444444444}.Debug|x64.ActiveCfg = Debug|Any CPU
		{D4A4A4A4-4444-4444-4444-444444444444}.Debug|x64.Build.0 = Debug|Any CPU
		{D4A4A4A4-4444-4444-4444-444444444444}.Debug|x86.ActiveCfg = Debug|Any CPU
		{D4A4A4A4-4444-4444-4444-444444444444}.Debug|x86.Build.0 = Debug|Any CPU
		{D4A4A4A4-4444-4444-4444-444444444444}.Release|Any CPU.ActiveCfg = Release|Any CPU
		{D4A4A4A4-4444-4444-4444-444444444444}.Release|Any CPU.Build.0 = Release|Any CPU
		{D4A4A4A4-4444-4444-4444-444444444444}.Release|x64.ActiveCfg = Release|Any CPU
		{D4A4A4A4-4444-4444-4444-444444444444}.Release|x64.Build.0 = Release|Any CPU
		{D4A4A4A4-4444-4444-4444-444444444444}.Release|x86.ActiveCfg = Release|Any CPU
		{D4A4A4A4-4444-4444-4444-444444444444}.Release|x86.Build.0 = Release|Any CPU
		{D4B4B4B4-4444-4444-4444-444444444444}.Debug|Any CPU.ActiveCfg = Debug|Any CPU
		{D4B4B4B4-4444-4444-4444-444444444444}.Debug|Any CPU.Build.0 = Debug|Any CPU
		{D4B4B4B4-4444-4444-4444-444444444444}.Debug|x64.ActiveCfg = Debug|Any CPU
		{D4B4B4B4-4444-4444-4444-444444444444}.Debug|x64.Build.0 = Debug|Any CPU
		{D4B4B4B4-4444-4444-4444-444444444444}.Debug|x86.ActiveCfg = Debug|Any CPU
		{D4B4B4B4-4444-4444-4444-444444444444}.Debug|x86.Build.0 = Debug|Any CPU
		{D4B4B4B4-4444-4444-4444-444444444444}.Release|Any CPU.ActiveCfg = Release|Any CPU
		{D4B4B4B4-4444-4444-4444-444444444444}.Release|Any CPU.Build.0 = Release|Any CPU
		{D4B4B4B4-4444-4444-4444-444444444444}.Release|x64.ActiveCfg = Release|Any CPU
		{D4B4B4B4-4444-4444-4444-444444444444}.Release|x64.Build.0 = Release|Any CPU
		{D4B4B4B4-4444-4444-4444-444444444444}.Release|x86.ActiveCfg = Release|Any CPU
		{D4B4B4B4-4444-4444-4444-444444444444}.Release|x86.Build.0 = Release|Any CPU
		{D4C4C4C4-4444-4444-4444-444444444444}.Debug|Any CPU.ActiveCfg = Debug|Any CPU
		{D4C4C4C4-4444-4444-4444-444444444444}.Debug|Any CPU.Build.0 = Debug|Any CPU
		{D4C4C4C4-4444-4444-4444-444444444444}.Debug|x64.ActiveCfg = Debug|Any CPU
		{D4C4C4C4-4444-4444-4444-444444444444}.Debug|x64.Build.0 = Debug|Any CPU
		{D4C4C4C4-4444-4444-4444-444444444444}.Debug|x86.ActiveCfg = Debug|Any CPU
		{D4C4C4C4-4444-4444-4444-444444444444}.Debug|x86.Build.0 = Debug|Any CPU
		{D4C4C4C4-4444-4444-4444-444444444444}.Release|Any CPU.ActiveCfg = Release|Any CPU
		{D4C4C4C4-4444-4444-4444-444444444444}.Release|Any CPU.Build.0 = Release|Any CPU
		{D4C4C4C4-4444-4444-4444-444444444444}.Release|x64.ActiveCfg = Release|Any CPU
		{D4C4C4C4-4444-4444-4444-444444444444}.Release|x64.Build.0 = Release|Any CPU
		{D4C4C4C4-4444-4444-4444-444444444444}.Release|x86.ActiveCfg = Release|Any CPU
		{D4C4C4C4-4444-4444-4444-444444444444}.Release|x86.Build.0 = Release|Any CPU
		{123C4960-E479-3633-4B39-C5D2753721C8}.Debug|Any CPU.ActiveCfg = Debug|Any CPU
		{123C4960-E479-3633-4B39-C5D2753721C8}.Debug|Any CPU.Build.0 = Debug|Any CPU
		{123C4960-E479-3633-4B39-C5D2753721C8}.Debug|x64.ActiveCfg = Debug|Any CPU
		{123C4960-E479-3633-4B39-C5D2753721C8}.Debug|x64.Build.0 = Debug|Any CPU
		{123C4960-E479-3633-4B39-C5D2753721C8}.Debug|x86.ActiveCfg = Debug|Any CPU
		{123C4960-E479-3633-4B39-C5D2753721C8}.Debug|x86.Build.0 = Debug|Any CPU
		{123C4960-E479-3633-4B39-C5D2753721C8}.Release|Any CPU.ActiveCfg = Release|Any CPU
		{123C4960-E479-3633-4B39-C5D2753721C8}.Release|Any CPU.Build.0 = Release|Any CPU
		{123C4960-E479-3633-4B39-C5D2753721C8}.Release|x64.ActiveCfg = Release|Any CPU
		{123C4960-E479-3633-4B39-C5D2753721C8}.Release|x64.Build.0 = Release|Any CPU
		{123C4960-E479-3633-4B39-C5D2753721C8}.Release|x86.ActiveCfg = Release|Any CPU
		{123C4960-E479-3633-4B39-C5D2753721C8}.Release|x86.Build.0 = Release|Any CPU
		{B334944D-5765-9F58-3D46-091D3673B5F1}.Debug|Any CPU.ActiveCfg = Debug|Any CPU
		{B334944D-5765-9F58-3D46-091D3673B5F1}.Debug|Any CPU.Build.0 = Debug|Any CPU
		{B334944D-5765-9F58-3D46-091D3673B5F1}.Debug|x64.ActiveCfg = Debug|Any CPU
		{B334944D-5765-9F58-3D46-091D3673B5F1}.Debug|x64.Build.0 = Debug|Any CPU
		{B334944D-5765-9F58-3D46-091D3673B5F1}.Debug|x86.ActiveCfg = Debug|Any CPU
		{B334944D-5765-9F58-3D46-091D3673B5F1}.Debug|x86.Build.0 = Debug|Any CPU
		{B334944D-5765-9F58-3D46-091D3673B5F1}.Release|Any CPU.ActiveCfg = Release|Any CPU
		{B334944D-5765-9F58-3D46-091D3673B5F1}.Release|Any CPU.Build.0 = Release|Any CPU
		{B334944D-5765-9F58-3D46-091D3673B5F1}.Release|x64.ActiveCfg = Release|Any CPU
		{B334944D-5765-9F58-3D46-091D3673B5F1}.Release|x64.Build.0 = Release|Any CPU
		{B334944D-5765-9F58-3D46-091D3673B5F1}.Release|x86.ActiveCfg = Release|Any CPU
		{B334944D-5765-9F58-3D46-091D3673B5F1}.Release|x86.Build.0 = Release|Any CPU
		{3A3A3A3A-4444-4444-4444-444444444444}.Debug|Any CPU.ActiveCfg = Debug|Any CPU
		{3A3A3A3A-4444-4444-4444-444444444444}.Debug|Any CPU.Build.0 = Debug|Any CPU
		{3A3A3A3A-4444-4444-4444-444444444444}.Debug|x64.ActiveCfg = Debug|Any CPU
		{3A3A3A3A-4444-4444-4444-444444444444}.Debug|x64.Build.0 = Debug|Any CPU
		{3A3A3A3A-4444-4444-4444-444444444444}.Debug|x86.ActiveCfg = Debug|Any CPU
		{3A3A3A3A-4444-4444-4444-444444444444}.Debug|x86.Build.0 = Debug|Any CPU
		{3A3A3A3A-4444-4444-4444-444444444444}.Release|Any CPU.ActiveCfg = Release|Any CPU
		{3A3A3A3A-4444-4444-4444-444444444444}.Release|Any CPU.Build.0 = Release|Any CPU
		{3A3A3A3A-4444-4444-4444-444444444444}.Release|x64.ActiveCfg = Release|Any CPU
		{3A3A3A3A-4444-4444-4444-444444444444}.Release|x64.Build.0 = Release|Any CPU
		{3A3A3A3A-4444-4444-4444-444444444444}.Release|x86.ActiveCfg = Release|Any CPU
		{3A3A3A3A-4444-4444-4444-444444444444}.Release|x86.Build.0 = Release|Any CPU
	EndGlobalSection
	GlobalSection(SolutionProperties) = preSolution
		HideSolutionNode = FALSE
	EndGlobalSection
	GlobalSection(NestedProjects) = preSolution
		{D4A4A4A4-4444-4444-4444-444444444444} = {827E0CD3-B72D-47B6-A68D-7590B98EB39B}
		{D4B4B4B4-4444-4444-4444-444444444444} = {827E0CD3-B72D-47B6-A68D-7590B98EB39B}
		{D4C4C4C4-4444-4444-4444-444444444444} = {827E0CD3-B72D-47B6-A68D-7590B98EB39B}
		{123C4960-E479-3633-4B39-C5D2753721C8} = {02EA681E-C7D8-13C7-8484-4AC65E1B71E8}
		{B334944D-5765-9F58-3D46-091D3673B5F1} = {02EA681E-C7D8-13C7-8484-4AC65E1B71E8}
	EndGlobalSection
	GlobalSection(ExtensibilityGlobals) = postSolution
		SolutionGuid = {B46C3283-7E24-4B1B-A93F-731DF154F3B6}
	EndGlobalSection
EndGlobal
